
Microsoft Visual Studio Solution File, Format Version 12.00
# Visual Studio Version 16
VisualStudioVersion = 16.0.30128.74
MinimumVisualStudioVersion = 10.0.40219.1
Project("{FAE04EC0-301F-11D3-BF4B-00C04F79EFBC}") = "Text To Speec Example", "Text To Speec Example\Text To Speec Example.csproj", "{A3EF664A-7661-4E27-AB7A-873AF8AC0485}"
EndProject
Global
	GlobalSection(SolutionConfigurationPlatforms) = preSolution
		Debug|Any CPU = Debug|Any CPU
		Release|Any CPU = Release|Any CPU
	EndGlobalSection
	GlobalSection(ProjectConfigurationPlatforms) = postSolution
		{A3EF664A-7661-4E27-AB7A-873AF8AC0485}.Debug|Any CPU.ActiveCfg = Debug|Any CPU
		{A3EF664A-7661-4E27-AB7A-873AF8AC0485}.Debug|Any CPU.Build.0 = Debug|Any CPU
		{A3EF664A-7661-4E27-AB7A-873AF8AC0485}.Release|Any CPU.ActiveCfg = Release|Any CPU
		{A3EF664A-7661-4E27-AB7A-873AF8AC0485}.Release|Any CPU.Build.0 = Release|Any CPU
	EndGlobalSection
	GlobalSection(SolutionProperties) = preSolution
		HideSolutionNode = FALSE
	EndGlobalSection
	GlobalSection(ExtensibilityGlobals) = postSolution
		SolutionGuid = {C738CA83-45ED-4523-8630-A9333BEF5323}
	EndGlobalSection
EndGlobal
